
Microsoft Visual Studio Solution File, Format Version 12.00
# Visual Studio Version 17
VisualStudioVersion = 17.13.35818.85
MinimumVisualStudioVersion = 10.0.40219.1
Project("{2150E333-8FDC-42A3-9474-1A3956D46DE8}") = "GameEngine", "GameEngine", "{02EA681E-C7D8-13C7-8484-4AC65E1B71E8}"
EndProject
Project("{2150E333-8FDC-42A3-9474-1A3956D46DE8}") = "src", "src", "{6A57371B-4DC1-4E5C-9F90-1BE5DAC1115B}"
EndProject
Project("{2150E333-8FDC-42A3-9474-1A3956D46DE8}") = "test", "test", "{BDFC2CC3-A098-4F5D-BC5E-8488F5F8C49C}"
EndProject
Project("{FAE04EC0-301F-11D3-BF4B-00C04F79EFBC}") = "OpenPlanningPoker.GameEngine.GraphQL", "src\GameEngine\OpenPlanningPoker.GameEngine.GraphQL\OpenPlanningPoker.GameEngine.GraphQL.csproj", "{DC87284C-0004-404D-80E9-12F29B20EE1A}"
EndProject
Project("{FAE04EC0-301F-11D3-BF4B-00C04F79EFBC}") = "OpenPlanningPoker.GameEngine.Application", "src\GameEngine\OpenPlanningPoker.GameEngine.Application\OpenPlanningPoker.GameEngine.Application.csproj", "{44961F24-FA8F-409B-BD52-653EE06FEB6C}"
EndProject
Project("{FAE04EC0-301F-11D3-BF4B-00C04F79EFBC}") = "OpenPlanningPoker.GameEngine.Infrastructure", "src\GameEngine\OpenPlanningPoker.GameEngine.Infrastructure\OpenPlanningPoker.GameEngine.Infrastructure.csproj", "{C7F260BB-295B-4197-9EFF-7D806C812D15}"
EndProject
Project("{2150E333-8FDC-42A3-9474-1A3956D46DE8}") = "Solution Items", "Solution Items", "{8EC462FD-D22E-90A8-E5CE-7E832BA40C5D}"
	ProjectSection(SolutionItems) = preProject
		.editorconfig = .editorconfig
		Directory.Packages.props = Directory.Packages.props
	EndProjectSection
EndProject
Project("{FAE04EC0-301F-11D3-BF4B-00C04F79EFBC}") = "OpenPlanningPoker.GameEngine.Domain", "src\GameEngine\OpenPlanningPoker.GameEngine.Domain\OpenPlanningPoker.GameEngine.Domain.csproj", "{7E46F1F2-9F59-4157-9D4D-A2B713F45BE0}"
EndProject
Project("{2150E333-8FDC-42A3-9474-1A3956D46DE8}") = "GameEngine", "GameEngine", "{EB35A64C-8580-42FC-A6EE-4167A44009EB}"
EndProject
Project("{FAE04EC0-301F-11D3-BF4B-00C04F79EFBC}") = "OpenPlanningPoker.GameEngine.GraphQL.Tests", "test\GameEngine\OpenPlanningPoker.GameEngine.GraphQL.Tests\OpenPlanningPoker.GameEngine.GraphQL.Tests.csproj", "{E8ED7528-8112-450C-A030-EEAB6C2D1346}"
EndProject
Project("{FAE04EC0-301F-11D3-BF4B-00C04F79EFBC}") = "OpenPlanningPoker.GameEngine.Application.UnitTests", "test\GameEngine\OpenPlanningPoker.GameEngine.Application.UnitTests\OpenPlanningPoker.GameEngine.Application.UnitTests.csproj", "{E14E03FC-E847-418A-B16D-DC2BB7E5EE9B}"
EndProject
Project("{FAE04EC0-301F-11D3-BF4B-00C04F79EFBC}") = "OpenPlanningPoker.GameEngine.Architecture.Tests", "test\GameEngine\OpenPlanningPoker.GameEngine.Architecture.Tests\OpenPlanningPoker.GameEngine.Architecture.Tests.csproj", "{E89510A1-A066-4D3C-9AC9-E8DE6B521B20}"
EndProject
Project("{FAE04EC0-301F-11D3-BF4B-00C04F79EFBC}") = "OpenPlanningPoker.GameEngine.Domain.UnitTests", "test\GameEngine\OpenPlanningPoker.GameEngine.Domain.UnitTests\OpenPlanningPoker.GameEngine.Domain.UnitTests.csproj", "{DD54EF5C-CBF2-42E8-A433-A09F38F8DEA1}"
EndProject
Project("{E53339B2-1760-4266-BCC7-CA923CBCF16C}") = "docker-compose", "docker-compose.dcproj", "{81DDED9D-158B-E303-5F62-77A2896D2A5A}"
EndProject
Project("{2150E333-8FDC-42A3-9474-1A3956D46DE8}") = "docs", "docs", "{698F88EA-721F-4530-BE82-EEDCA97BF980}"
	ProjectSection(SolutionItems) = preProject
		..\..\docs\GameEngine.md = ..\..\docs\GameEngine.md
	EndProjectSection
EndProject
Project("{2150E333-8FDC-42A3-9474-1A3956D46DE8}") = "diagrams", "diagrams", "{27BE83E4-D1D2-4782-B9EB-BA674E73F254}"
	ProjectSection(SolutionItems) = preProject
		..\..\diagrams\high_level_diagram.drawio = ..\..\diagrams\high_level_diagram.drawio
		..\..\diagrams\high_level_diagram.drawio.png = ..\..\diagrams\high_level_diagram.drawio.png
	EndProjectSection
EndProject
Project("{2150E333-8FDC-42A3-9474-1A3956D46DE8}") = "database", "database", "{512718B8-567E-4438-937A-FC0A3F900DA9}"
	ProjectSection(SolutionItems) = preProject
		..\..\diagrams\Database\Open Planning Poker - Game Engine DB Schema.png = ..\..\diagrams\Database\Open Planning Poker - Game Engine DB Schema.png
		..\..\diagrams\Database\Open Planning Poker - Game Engine DB Schema_code.txt = ..\..\diagrams\Database\Open Planning Poker - Game Engine DB Schema_code.txt
	EndProjectSection
EndProject
Project("{2150E333-8FDC-42A3-9474-1A3956D46DE8}") = "UserManagement", "UserManagement", "{D028324F-BA31-49AD-B2D3-5E7764A2200F}"
EndProject
Project("{FAE04EC0-301F-11D3-BF4B-00C04F79EFBC}") = "OpenPlanningPoker.UserManagement.GraphQL", "src\UserManagement\OpenPlanningPoker.UserManagement.GraphQL\OpenPlanningPoker.UserManagement.GraphQL.csproj", "{9ADFB2D7-3839-4706-A63B-E7D7B70AA920}"
EndProject
Project("{2150E333-8FDC-42A3-9474-1A3956D46DE8}") = "UserManagement", "UserManagement", "{2C4BBCBF-3869-4362-925E-4404F6DE108E}"
EndProject
Project("{FAE04EC0-301F-11D3-BF4B-00C04F79EFBC}") = "OpenPlanningPoker.UserManagement.GraphQL.Tests", "test\UserManagement\OpenPlanningPoker.UserManagement.GraphQL.Tests\OpenPlanningPoker.UserManagement.GraphQL.Tests.csproj", "{F6303D50-638A-4F87-89EF-C53D00B7265B}"
EndProject
Project("{2150E333-8FDC-42A3-9474-1A3956D46DE8}") = "Shared", "Shared", "{D29EB918-B1CC-4EA3-A825-5C15308B28DE}"
EndProject
Project("{FAE04EC0-301F-11D3-BF4B-00C04F79EFBC}") = "OpenPlanningPoker.Shared.Application", "src\Shared\OpenPlanningPoker.Shared.Application\OpenPlanningPoker.Shared.Application.csproj", "{11AFA36C-55C1-437A-B6E0-711CFF0AA812}"
EndProject
Global
	GlobalSection(SolutionConfigurationPlatforms) = preSolution
		Debug|Any CPU = Debug|Any CPU
		Release|Any CPU = Release|Any CPU
	EndGlobalSection
	GlobalSection(ProjectConfigurationPlatforms) = postSolution
		{DC87284C-0004-404D-80E9-12F29B20EE1A}.Debug|Any CPU.ActiveCfg = Debug|Any CPU
		{DC87284C-0004-404D-80E9-12F29B20EE1A}.Debug|Any CPU.Build.0 = Debug|Any CPU
		{DC87284C-0004-404D-80E9-12F29B20EE1A}.Release|Any CPU.ActiveCfg = Release|Any CPU
		{DC87284C-0004-404D-80E9-12F29B20EE1A}.Release|Any CPU.Build.0 = Release|Any CPU
		{44961F24-FA8F-409B-BD52-653EE06FEB6C}.Debug|Any CPU.ActiveCfg = Debug|Any CPU
		{44961F24-FA8F-409B-BD52-653EE06FEB6C}.Debug|Any CPU.Build.0 = Debug|Any CPU
		{44961F24-FA8F-409B-BD52-653EE06FEB6C}.Release|Any CPU.ActiveCfg = Release|Any CPU
		{44961F24-FA8F-409B-BD52-653EE06FEB6C}.Release|Any CPU.Build.0 = Release|Any CPU
		{C7F260BB-295B-4197-9EFF-7D806C812D15}.Debug|Any CPU.ActiveCfg = Debug|Any CPU
		{C7F260BB-295B-4197-9EFF-7D806C812D15}.Debug|Any CPU.Build.0 = Debug|Any CPU
		{C7F260BB-295B-4197-9EFF-7D806C812D15}.Release|Any CPU.ActiveCfg = Release|Any CPU
		{C7F260BB-295B-4197-9EFF-7D806C812D15}.Release|Any CPU.Build.0 = Release|Any CPU
		{7E46F1F2-9F59-4157-9D4D-A2B713F45BE0}.Debug|Any CPU.ActiveCfg = Debug|Any CPU
		{7E46F1F2-9F59-4157-9D4D-A2B713F45BE0}.Debug|Any CPU.Build.0 = Debug|Any CPU
		{7E46F1F2-9F59-4157-9D4D-A2B713F45BE0}.Release|Any CPU.ActiveCfg = Release|Any CPU
		{7E46F1F2-9F59-4157-9D4D-A2B713F45BE0}.Release|Any CPU.Build.0 = Release|Any CPU
		{E8ED7528-8112-450C-A030-EEAB6C2D1346}.Debug|Any CPU.ActiveCfg = Debug|Any CPU
		{E8ED7528-8112-450C-A030-EEAB6C2D1346}.Debug|Any CPU.Build.0 = Debug|Any CPU
		{E8ED7528-8112-450C-A030-EEAB6C2D1346}.Release|Any CPU.ActiveCfg = Release|Any CPU
		{E8ED7528-8112-450C-A030-EEAB6C2D1346}.Release|Any CPU.Build.0 = Release|Any CPU
		{E14E03FC-E847-418A-B16D-DC2BB7E5EE9B}.Debug|Any CPU.ActiveCfg = Debug|Any CPU
		{E14E03FC-E847-418A-B16D-DC2BB7E5EE9B}.Debug|Any CPU.Build.0 = Debug|Any CPU
		{E14E03FC-E847-418A-B16D-DC2BB7E5EE9B}.Release|Any CPU.ActiveCfg = Release|Any CPU
		{E14E03FC-E847-418A-B16D-DC2BB7E5EE9B}.Release|Any CPU.Build.0 = Release|Any CPU
		{E89510A1-A066-4D3C-9AC9-E8DE6B521B20}.Debug|Any CPU.ActiveCfg = Debug|Any CPU
		{E89510A1-A066-4D3C-9AC9-E8DE6B521B20}.Debug|Any CPU.Build.0 = Debug|Any CPU
		{E89510A1-A066-4D3C-9AC9-E8DE6B521B20}.Release|Any CPU.ActiveCfg = Release|Any CPU
		{E89510A1-A066-4D3C-9AC9-E8DE6B521B20}.Release|Any CPU.Build.0 = Release|Any CPU
		{DD54EF5C-CBF2-42E8-A433-A09F38F8DEA1}.Debug|Any CPU.ActiveCfg = Debug|Any CPU
		{DD54EF5C-CBF2-42E8-A433-A09F38F8DEA1}.Debug|Any CPU.Build.0 = Debug|Any CPU
		{DD54EF5C-CBF2-42E8-A433-A09F38F8DEA1}.Release|Any CPU.ActiveCfg = Release|Any CPU
		{DD54EF5C-CBF2-42E8-A433-A09F38F8DEA1}.Release|Any CPU.Build.0 = Release|Any CPU
		{81DDED9D-158B-E303-5F62-77A2896D2A5A}.Debug|Any CPU.ActiveCfg = Debug|Any CPU
		{81DDED9D-158B-E303-5F62-77A2896D2A5A}.Debug|Any CPU.Build.0 = Debug|Any CPU
		{81DDED9D-158B-E303-5F62-77A2896D2A5A}.Release|Any CPU.ActiveCfg = Release|Any CPU
		{81DDED9D-158B-E303-5F62-77A2896D2A5A}.Release|Any CPU.Build.0 = Release|Any CPU
		{9ADFB2D7-3839-4706-A63B-E7D7B70AA920}.Debug|Any CPU.ActiveCfg = Debug|Any CPU
		{9ADFB2D7-3839-4706-A63B-E7D7B70AA920}.Debug|Any CPU.Build.0 = Debug|Any CPU
		{9ADFB2D7-3839-4706-A63B-E7D7B70AA920}.Release|Any CPU.ActiveCfg = Release|Any CPU
		{9ADFB2D7-3839-4706-A63B-E7D7B70AA920}.Release|Any CPU.Build.0 = Release|Any CPU
		{F6303D50-638A-4F87-89EF-C53D00B7265B}.Debug|Any CPU.ActiveCfg = Debug|Any CPU
		{F6303D50-638A-4F87-89EF-C53D00B7265B}.Debug|Any CPU.Build.0 = Debug|Any CPU
		{F6303D50-638A-4F87-89EF-C53D00B7265B}.Release|Any CPU.ActiveCfg = Release|Any CPU
		{F6303D50-638A-4F87-89EF-C53D00B7265B}.Release|Any CPU.Build.0 = Release|Any CPU
		{11AFA36C-55C1-437A-B6E0-711CFF0AA812}.Debug|Any CPU.ActiveCfg = Debug|Any CPU
		{11AFA36C-55C1-437A-B6E0-711CFF0AA812}.Debug|Any CPU.Build.0 = Debug|Any CPU
		{11AFA36C-55C1-437A-B6E0-711CFF0AA812}.Release|Any CPU.ActiveCfg = Release|Any CPU
		{11AFA36C-55C1-437A-B6E0-711CFF0AA812}.Release|Any CPU.Build.0 = Release|Any CPU
	EndGlobalSection
	GlobalSection(SolutionProperties) = preSolution
		HideSolutionNode = FALSE
	EndGlobalSection
	GlobalSection(NestedProjects) = preSolution
		{02EA681E-C7D8-13C7-8484-4AC65E1B71E8} = {6A57371B-4DC1-4E5C-9F90-1BE5DAC1115B}
		{DC87284C-0004-404D-80E9-12F29B20EE1A} = {02EA681E-C7D8-13C7-8484-4AC65E1B71E8}
		{44961F24-FA8F-409B-BD52-653EE06FEB6C} = {02EA681E-C7D8-13C7-8484-4AC65E1B71E8}
		{C7F260BB-295B-4197-9EFF-7D806C812D15} = {02EA681E-C7D8-13C7-8484-4AC65E1B71E8}
		{7E46F1F2-9F59-4157-9D4D-A2B713F45BE0} = {02EA681E-C7D8-13C7-8484-4AC65E1B71E8}
		{EB35A64C-8580-42FC-A6EE-4167A44009EB} = {BDFC2CC3-A098-4F5D-BC5E-8488F5F8C49C}
		{E8ED7528-8112-450C-A030-EEAB6C2D1346} = {EB35A64C-8580-42FC-A6EE-4167A44009EB}
		{E14E03FC-E847-418A-B16D-DC2BB7E5EE9B} = {EB35A64C-8580-42FC-A6EE-4167A44009EB}
		{E89510A1-A066-4D3C-9AC9-E8DE6B521B20} = {EB35A64C-8580-42FC-A6EE-4167A44009EB}
		{DD54EF5C-CBF2-42E8-A433-A09F38F8DEA1} = {EB35A64C-8580-42FC-A6EE-4167A44009EB}
		{698F88EA-721F-4530-BE82-EEDCA97BF980} = {8EC462FD-D22E-90A8-E5CE-7E832BA40C5D}
		{27BE83E4-D1D2-4782-B9EB-BA674E73F254} = {8EC462FD-D22E-90A8-E5CE-7E832BA40C5D}
		{512718B8-567E-4438-937A-FC0A3F900DA9} = {8EC462FD-D22E-90A8-E5CE-7E832BA40C5D}
		{D028324F-BA31-49AD-B2D3-5E7764A2200F} = {6A57371B-4DC1-4E5C-9F90-1BE5DAC1115B}
		{9ADFB2D7-3839-4706-A63B-E7D7B70AA920} = {D028324F-BA31-49AD-B2D3-5E7764A2200F}
		{2C4BBCBF-3869-4362-925E-4404F6DE108E} = {BDFC2CC3-A098-4F5D-BC5E-8488F5F8C49C}
		{F6303D50-638A-4F87-89EF-C53D00B7265B} = {2C4BBCBF-3869-4362-925E-4404F6DE108E}
		{D29EB918-B1CC-4EA3-A825-5C15308B28DE} = {6A57371B-4DC1-4E5C-9F90-1BE5DAC1115B}
		{11AFA36C-55C1-437A-B6E0-711CFF0AA812} = {D29EB918-B1CC-4EA3-A825-5C15308B28DE}
	EndGlobalSection
	GlobalSection(ExtensibilityGlobals) = postSolution
		SolutionGuid = {3C39E3DC-BD48-41A1-841B-A44CB8223F2C}
	EndGlobalSection
EndGlobal
