
Microsoft Visual Studio Solution File, Format Version 12.00
# Visual Studio Version 17
VisualStudioVersion = 17.13.35818.85 d17.13
MinimumVisualStudioVersion = 10.0.40219.1
Project("{FAE04EC0-301F-11D3-BF4B-00C04F79EFBC}") = "OpenPlanningPoker.Api.Gateway", "OpenPlanningPoker.Api.Gateway\OpenPlanningPoker.Api.Gateway.csproj", "{C2CE0FE0-A2E6-4EA0-A275-3D5D6B7F4CB9}"
EndProject
Global
	GlobalSection(SolutionConfigurationPlatforms) = preSolution
		Debug|Any CPU = Debug|Any CPU
		Release|Any CPU = Release|Any CPU
	EndGlobalSection
	GlobalSection(ProjectConfigurationPlatforms) = postSolution
		{C2CE0FE0-A2E6-4EA0-A275-3D5D6B7F4CB9}.Debug|Any CPU.ActiveCfg = Debug|Any CPU
		{C2CE0FE0-A2E6-4EA0-A275-3D5D6B7F4CB9}.Debug|Any CPU.Build.0 = Debug|Any CPU
		{C2CE0FE0-A2E6-4EA0-A275-3D5D6B7F4CB9}.Release|Any CPU.ActiveCfg = Release|Any CPU
		{C2CE0FE0-A2E6-4EA0-A275-3D5D6B7F4CB9}.Release|Any CPU.Build.0 = Release|Any CPU
	EndGlobalSection
	GlobalSection(SolutionProperties) = preSolution
		HideSolutionNode = FALSE
	EndGlobalSection
	GlobalSection(ExtensibilityGlobals) = postSolution
		SolutionGuid = {FC106298-DE80-4A89-B3AE-ACE737E33BE9}
	EndGlobalSection
EndGlobal
